
Microsoft Visual Studio Solution File, Format Version 12.00
# Visual Studio Version 16
VisualStudioVersion = 16.0.29306.81
MinimumVisualStudioVersion = 10.0.40219.1
Project("{FAE04EC0-301F-11D3-BF4B-00C04F79EFBC}") = "BingWallpaper", "BingWallpaper\BingWallpaper.csproj", "{A3BEC557-AFE1-4459-9C94-5B33962E0ABE}"
EndProject
Global
	GlobalSection(SolutionConfigurationPlatforms) = preSolution
		Debug|Any CPU = Debug|Any CPU
		Release|Any CPU = Release|Any CPU
	EndGlobalSection
	GlobalSection(ProjectConfigurationPlatforms) = postSolution
		{A3BEC557-AFE1-4459-9C94-5B33962E0ABE}.Debug|Any CPU.ActiveCfg = Debug|Any CPU
		{A3BEC557-AFE1-4459-9C94-5B33962E0ABE}.Debug|Any CPU.Build.0 = Debug|Any CPU
		{A3BEC557-AFE1-4459-9C94-5B33962E0ABE}.Release|Any CPU.ActiveCfg = Release|Any CPU
		{A3BEC557-AFE1-4459-9C94-5B33962E0ABE}.Release|Any CPU.Build.0 = Release|Any CPU
	EndGlobalSection
	GlobalSection(SolutionProperties) = preSolution
		HideSolutionNode = FALSE
	EndGlobalSection
	GlobalSection(ExtensibilityGlobals) = postSolution
		SolutionGuid = {E813BBB8-FB4B-4767-9C81-B2614C8B955A}
	EndGlobalSection
EndGlobal
